
Microsoft Visual Studio Solution File, Format Version 12.00
# Visual Studio Version 17
VisualStudioVersion = 17.11.35327.3
MinimumVisualStudioVersion = 10.0.40219.1
Project("{FAE04EC0-301F-11D3-BF4B-00C04F79EFBC}") = "Padaria", "Padaria\Padaria.csproj", "{774AFE0D-5DC3-43F2-B82B-7EB1A79C8D83}"
EndProject
Project("{FAE04EC0-301F-11D3-BF4B-00C04F79EFBC}") = "FolhaDePagamento", "..\FolhaDePagamento\FolhaDePagamento.csproj", "{49D09AD3-80A0-43AC-9EA6-8AC8DB2E7C36}"
EndProject
Project("{FAE04EC0-301F-11D3-BF4B-00C04F79EFBC}") = "CalculadoraIMC", "CalculadoraIMC\CalculadoraIMC.csproj", "{E5A24636-1ED2-42FF-A6C1-DFEFBA242FAB}"
EndProject
Project("{FAE04EC0-301F-11D3-BF4B-00C04F79EFBC}") = "ProjetoOrientacaoObjeto", "ProjetoOrientacaoObjeto\ProjetoOrientacaoObjeto.csproj", "{C550CDC2-19A3-43B1-AFE6-41DC478096D1}"
EndProject
Project("{FAE04EC0-301F-11D3-BF4B-00C04F79EFBC}") = "ProjetoArrays", "ProjetoArrays\ProjetoArrays.csproj", "{FD1BF454-ADBC-4733-913F-D2D32B42C936}"
EndProject
Global
	GlobalSection(SolutionConfigurationPlatforms) = preSolution
		Debug|Any CPU = Debug|Any CPU
		Release|Any CPU = Release|Any CPU
	EndGlobalSection
	GlobalSection(ProjectConfigurationPlatforms) = postSolution
		{774AFE0D-5DC3-43F2-B82B-7EB1A79C8D83}.Debug|Any CPU.ActiveCfg = Debug|Any CPU
		{774AFE0D-5DC3-43F2-B82B-7EB1A79C8D83}.Debug|Any CPU.Build.0 = Debug|Any CPU
		{774AFE0D-5DC3-43F2-B82B-7EB1A79C8D83}.Release|Any CPU.ActiveCfg = Release|Any CPU
		{774AFE0D-5DC3-43F2-B82B-7EB1A79C8D83}.Release|Any CPU.Build.0 = Release|Any CPU
		{49D09AD3-80A0-43AC-9EA6-8AC8DB2E7C36}.Debug|Any CPU.ActiveCfg = Debug|Any CPU
		{49D09AD3-80A0-43AC-9EA6-8AC8DB2E7C36}.Debug|Any CPU.Build.0 = Debug|Any CPU
		{49D09AD3-80A0-43AC-9EA6-8AC8DB2E7C36}.Release|Any CPU.ActiveCfg = Release|Any CPU
		{49D09AD3-80A0-43AC-9EA6-8AC8DB2E7C36}.Release|Any CPU.Build.0 = Release|Any CPU
		{E5A24636-1ED2-42FF-A6C1-DFEFBA242FAB}.Debug|Any CPU.ActiveCfg = Debug|Any CPU
		{E5A24636-1ED2-42FF-A6C1-DFEFBA242FAB}.Debug|Any CPU.Build.0 = Debug|Any CPU
		{E5A24636-1ED2-42FF-A6C1-DFEFBA242FAB}.Release|Any CPU.ActiveCfg = Release|Any CPU
		{E5A24636-1ED2-42FF-A6C1-DFEFBA242FAB}.Release|Any CPU.Build.0 = Release|Any CPU
		{C550CDC2-19A3-43B1-AFE6-41DC478096D1}.Debug|Any CPU.ActiveCfg = Debug|Any CPU
		{C550CDC2-19A3-43B1-AFE6-41DC478096D1}.Debug|Any CPU.Build.0 = Debug|Any CPU
		{C550CDC2-19A3-43B1-AFE6-41DC478096D1}.Release|Any CPU.ActiveCfg = Release|Any CPU
		{C550CDC2-19A3-43B1-AFE6-41DC478096D1}.Release|Any CPU.Build.0 = Release|Any CPU
		{FD1BF454-ADBC-4733-913F-D2D32B42C936}.Debug|Any CPU.ActiveCfg = Debug|Any CPU
		{FD1BF454-ADBC-4733-913F-D2D32B42C936}.Debug|Any CPU.Build.0 = Debug|Any CPU
		{FD1BF454-ADBC-4733-913F-D2D32B42C936}.Release|Any CPU.ActiveCfg = Release|Any CPU
		{FD1BF454-ADBC-4733-913F-D2D32B42C936}.Release|Any CPU.Build.0 = Release|Any CPU
	EndGlobalSection
	GlobalSection(SolutionProperties) = preSolution
		HideSolutionNode = FALSE
	EndGlobalSection
	GlobalSection(ExtensibilityGlobals) = postSolution
		SolutionGuid = {245015C9-CD4A-412C-B98C-A7BD7F7A53AB}
	EndGlobalSection
EndGlobal
